
Microsoft Visual Studio Solution File, Format Version 12.00
# Visual Studio Version 17
VisualStudioVersion = 17.10.34928.147
MinimumVisualStudioVersion = 10.0.40219.1
Project("{2150E333-8FDC-42A3-9474-1A3956D46DE8}") = "docker-compose", "docker-compose", "{54F5D36A-19E7-404F-BD29-95B3F97FD466}"
	ProjectSection(SolutionItems) = preProject
		Compose\kafka-compose\kafka-all-in-one-community\Compose.yml = Compose\kafka-compose\kafka-all-in-one-community\Compose.yml
	EndProjectSection
EndProject
Project("{2150E333-8FDC-42A3-9474-1A3956D46DE8}") = "Solution Items", "Solution Items", "{102EB2CB-2EF8-46AF-970C-D38A70F014C2}"
	ProjectSection(SolutionItems) = preProject
		Directory.Build.props = Directory.Build.props
		ReadMe.md = ReadMe.md
	EndProjectSection
EndProject
Project("{9A19103F-16F7-4668-BE54-9A1E7A4F7556}") = "KafkaX.Abstractions", "KafkaX.Abstractions\KafkaX.Abstractions.csproj", "{516F11FB-EB40-4EE5-A9D3-282D8ECCF603}"
EndProject
Project("{9A19103F-16F7-4668-BE54-9A1E7A4F7556}") = "KafkaX.Consumer", "KafkaX.Consumer\KafkaX.Consumer.csproj", "{EE1579A4-5E5A-41CB-9140-04839262192A}"
EndProject
Project("{9A19103F-16F7-4668-BE54-9A1E7A4F7556}") = "KafkaX.Producer", "KafkaX.Producer\KafkaX.Producer.csproj", "{5ECD7F25-00D2-4463-9784-251B78D0D745}"
EndProject
Project("{2150E333-8FDC-42A3-9474-1A3956D46DE8}") = "Kafka", "Kafka", "{757E4F75-9E63-403C-ADA9-E1765DA83631}"
	ProjectSection(SolutionItems) = preProject
		Compose\kafka-compose\kafka-all-in-one-community\Compose.yml = Compose\kafka-compose\kafka-all-in-one-community\Compose.yml
	EndProjectSection
EndProject
Project("{2150E333-8FDC-42A3-9474-1A3956D46DE8}") = "DBs", "DBs", "{55248068-613F-49DD-8C4C-593232CE7E1A}"
	ProjectSection(SolutionItems) = preProject
		Compose\Databases\docker-compose.yml = Compose\Databases\docker-compose.yml
		Compose\Databases\init-mongo.js = Compose\Databases\init-mongo.js
		Compose\Databases\init-postgres.sql = Compose\Databases\init-postgres.sql
		Compose\Databases\init-sqlserver.sql = Compose\Databases\init-sqlserver.sql
	EndProjectSection
EndProject
Project("{9A19103F-16F7-4668-BE54-9A1E7A4F7556}") = "KafkaXWebApp", "KafkaXWebApp\KafkaXWebApp.csproj", "{C75CD7CF-34DD-4DEC-9F3D-8EF8506D5287}"
EndProject
Project("{9A19103F-16F7-4668-BE54-9A1E7A4F7556}") = "Kafka-X.SchemaRegistry.SqlServerProvider", "Kafka-X.SchemaRegistry.SqlServerProvider\Kafka-X.SchemaRegistry.SqlServerProvider.csproj", "{A19DCC70-84F8-4326-A17B-072F7707C21E}"
EndProject
Project("{FAE04EC0-301F-11D3-BF4B-00C04F79EFBC}") = "Kafka-X.IntegrationTests", "Tests\Kafka-X.IntegrationTests\Kafka-X.IntegrationTests.csproj", "{50927160-C5EF-437F-94E7-D2A8DED3D619}"
EndProject
Global
	GlobalSection(SolutionConfigurationPlatforms) = preSolution
		Debug|Any CPU = Debug|Any CPU
		Release|Any CPU = Release|Any CPU
	EndGlobalSection
	GlobalSection(ProjectConfigurationPlatforms) = postSolution
		{516F11FB-EB40-4EE5-A9D3-282D8ECCF603}.Debug|Any CPU.ActiveCfg = Debug|Any CPU
		{516F11FB-EB40-4EE5-A9D3-282D8ECCF603}.Debug|Any CPU.Build.0 = Debug|Any CPU
		{516F11FB-EB40-4EE5-A9D3-282D8ECCF603}.Release|Any CPU.ActiveCfg = Release|Any CPU
		{516F11FB-EB40-4EE5-A9D3-282D8ECCF603}.Release|Any CPU.Build.0 = Release|Any CPU
		{EE1579A4-5E5A-41CB-9140-04839262192A}.Debug|Any CPU.ActiveCfg = Debug|Any CPU
		{EE1579A4-5E5A-41CB-9140-04839262192A}.Debug|Any CPU.Build.0 = Debug|Any CPU
		{EE1579A4-5E5A-41CB-9140-04839262192A}.Release|Any CPU.ActiveCfg = Release|Any CPU
		{EE1579A4-5E5A-41CB-9140-04839262192A}.Release|Any CPU.Build.0 = Release|Any CPU
		{5ECD7F25-00D2-4463-9784-251B78D0D745}.Debug|Any CPU.ActiveCfg = Debug|Any CPU
		{5ECD7F25-00D2-4463-9784-251B78D0D745}.Debug|Any CPU.Build.0 = Debug|Any CPU
		{5ECD7F25-00D2-4463-9784-251B78D0D745}.Release|Any CPU.ActiveCfg = Release|Any CPU
		{5ECD7F25-00D2-4463-9784-251B78D0D745}.Release|Any CPU.Build.0 = Release|Any CPU
		{C75CD7CF-34DD-4DEC-9F3D-8EF8506D5287}.Debug|Any CPU.ActiveCfg = Debug|Any CPU
		{C75CD7CF-34DD-4DEC-9F3D-8EF8506D5287}.Debug|Any CPU.Build.0 = Debug|Any CPU
		{C75CD7CF-34DD-4DEC-9F3D-8EF8506D5287}.Release|Any CPU.ActiveCfg = Release|Any CPU
		{C75CD7CF-34DD-4DEC-9F3D-8EF8506D5287}.Release|Any CPU.Build.0 = Release|Any CPU
		{A19DCC70-84F8-4326-A17B-072F7707C21E}.Debug|Any CPU.ActiveCfg = Debug|Any CPU
		{A19DCC70-84F8-4326-A17B-072F7707C21E}.Debug|Any CPU.Build.0 = Debug|Any CPU
		{A19DCC70-84F8-4326-A17B-072F7707C21E}.Release|Any CPU.ActiveCfg = Release|Any CPU
		{A19DCC70-84F8-4326-A17B-072F7707C21E}.Release|Any CPU.Build.0 = Release|Any CPU
		{50927160-C5EF-437F-94E7-D2A8DED3D619}.Debug|Any CPU.ActiveCfg = Debug|Any CPU
		{50927160-C5EF-437F-94E7-D2A8DED3D619}.Debug|Any CPU.Build.0 = Debug|Any CPU
		{50927160-C5EF-437F-94E7-D2A8DED3D619}.Release|Any CPU.ActiveCfg = Release|Any CPU
		{50927160-C5EF-437F-94E7-D2A8DED3D619}.Release|Any CPU.Build.0 = Release|Any CPU
	EndGlobalSection
	GlobalSection(SolutionProperties) = preSolution
		HideSolutionNode = FALSE
	EndGlobalSection
	GlobalSection(NestedProjects) = preSolution
		{757E4F75-9E63-403C-ADA9-E1765DA83631} = {54F5D36A-19E7-404F-BD29-95B3F97FD466}
		{55248068-613F-49DD-8C4C-593232CE7E1A} = {54F5D36A-19E7-404F-BD29-95B3F97FD466}
	EndGlobalSection
	GlobalSection(ExtensibilityGlobals) = postSolution
		SolutionGuid = {4F4A54C1-6EA4-44C9-B404-BB17A4E8E61B}
	EndGlobalSection
EndGlobal
